Microsoft Visual Studio Solution File, Format Version 12.00
# Visual Studio Version 17
VisualStudioVersion = 17.5.2.0
MinimumVisualStudioVersion = 10.0.40219.1
Project("{FAE04EC0-301F-11D3-BF4B-00C04F79EFBC}") = "lab-7-maze-SoL3209", "lab-7-maze-SoL3209.csproj", "{9C800B87-FC35-4D8C-9119-B017EF744FEE}"
EndProject
Global
	GlobalSection(SolutionConfigurationPlatforms) = preSolution
		Debug|Any CPU = Debug|Any CPU
		Release|Any CPU = Release|Any CPU
	EndGlobalSection
	GlobalSection(ProjectConfigurationPlatforms) = postSolution
		{9C800B87-FC35-4D8C-9119-B017EF744FEE}.Debug|Any CPU.ActiveCfg = Debug|Any CPU
		{9C800B87-FC35-4D8C-9119-B017EF744FEE}.Debug|Any CPU.Build.0 = Debug|Any CPU
		{9C800B87-FC35-4D8C-9119-B017EF744FEE}.Release|Any CPU.ActiveCfg = Release|Any CPU
		{9C800B87-FC35-4D8C-9119-B017EF744FEE}.Release|Any CPU.Build.0 = Release|Any CPU
	EndGlobalSection
	GlobalSection(SolutionProperties) = preSolution
		HideSolutionNode = FALSE
	EndGlobalSection
	GlobalSection(ExtensibilityGlobals) = postSolution
		SolutionGuid = {06A6787C-12D8-43B2-8B49-6B656624A9BC}
	EndGlobalSection
EndGlobal
